
Microsoft Visual Studio Solution File, Format Version 12.00
# Visual Studio 15
VisualStudioVersion = 15.0.28307.438
MinimumVisualStudioVersion = 10.0.40219.1
Project("{FAE04EC0-301F-11D3-BF4B-00C04F79EFBC}") = "MyShop.Core", "MyShop.Core\MyShop.Core.csproj", "{6552AA83-BB93-431A-BB60-FC36C58BDA36}"
EndProject
Project("{FAE04EC0-301F-11D3-BF4B-00C04F79EFBC}") = "MyShop.Services", "MyShop.Services\MyShop.Services.csproj", "{021188FA-50B3-4A99-AB69-AAEB0535875F}"
EndProject
Project("{FAE04EC0-301F-11D3-BF4B-00C04F79EFBC}") = "MyShop.DataAccess.SQL", "MyShop.DataAccess.SQL\MyShop.DataAccess.SQL.csproj", "{C1703E97-9F6E-4A59-8F00-64F421809A44}"
EndProject
Project("{FAE04EC0-301F-11D3-BF4B-00C04F79EFBC}") = "MyShop.DataAccess.InMemory", "MyShop.DataAccess.InMemory\MyShop.DataAccess.InMemory.csproj", "{1BE1949F-39C4-4A8F-94BE-DA91FD738E6D}"
EndProject
Project("{FAE04EC0-301F-11D3-BF4B-00C04F79EFBC}") = "MyShop.WebUI", "MyShop.WebUI\MyShop.WebUI.csproj", "{85D61F13-2E1C-4F18-9E0C-9A666578C895}"
EndProject
Project("{FAE04EC0-301F-11D3-BF4B-00C04F79EFBC}") = "MyShop.WebUI.Tests", "MyShop.WebUI.Tests\MyShop.WebUI.Tests.csproj", "{5D9F56E8-31D4-4E92-AAD1-7FB279C4C0D5}"
EndProject
Global
	GlobalSection(SolutionConfigurationPlatforms) = preSolution
		Debug|Any CPU = Debug|Any CPU
		Release|Any CPU = Release|Any CPU
	EndGlobalSection
	GlobalSection(ProjectConfigurationPlatforms) = postSolution
		{6552AA83-BB93-431A-BB60-FC36C58BDA36}.Debug|Any CPU.ActiveCfg = Debug|Any CPU
		{6552AA83-BB93-431A-BB60-FC36C58BDA36}.Debug|Any CPU.Build.0 = Debug|Any CPU
		{6552AA83-BB93-431A-BB60-FC36C58BDA36}.Release|Any CPU.ActiveCfg = Release|Any CPU
		{6552AA83-BB93-431A-BB60-FC36C58BDA36}.Release|Any CPU.Build.0 = Release|Any CPU
		{021188FA-50B3-4A99-AB69-AAEB0535875F}.Debug|Any CPU.ActiveCfg = Debug|Any CPU
		{021188FA-50B3-4A99-AB69-AAEB0535875F}.Debug|Any CPU.Build.0 = Debug|Any CPU
		{021188FA-50B3-4A99-AB69-AAEB0535875F}.Release|Any CPU.ActiveCfg = Release|Any CPU
		{021188FA-50B3-4A99-AB69-AAEB0535875F}.Release|Any CPU.Build.0 = Release|Any CPU
		{C1703E97-9F6E-4A59-8F00-64F421809A44}.Debug|Any CPU.ActiveCfg = Debug|Any CPU
		{C1703E97-9F6E-4A59-8F00-64F421809A44}.Debug|Any CPU.Build.0 = Debug|Any CPU
		{C1703E97-9F6E-4A59-8F00-64F421809A44}.Release|Any CPU.ActiveCfg = Release|Any CPU
		{C1703E97-9F6E-4A59-8F00-64F421809A44}.Release|Any CPU.Build.0 = Release|Any CPU
		{1BE1949F-39C4-4A8F-94BE-DA91FD738E6D}.Debug|Any CPU.ActiveCfg = Debug|Any CPU
		{1BE1949F-39C4-4A8F-94BE-DA91FD738E6D}.Debug|Any CPU.Build.0 = Debug|Any CPU
		{1BE1949F-39C4-4A8F-94BE-DA91FD738E6D}.Release|Any CPU.ActiveCfg = Release|Any CPU
		{1BE1949F-39C4-4A8F-94BE-DA91FD738E6D}.Release|Any CPU.Build.0 = Release|Any CPU
		{85D61F13-2E1C-4F18-9E0C-9A666578C895}.Debug|Any CPU.ActiveCfg = Debug|Any CPU
		{85D61F13-2E1C-4F18-9E0C-9A666578C895}.Debug|Any CPU.Build.0 = Debug|Any CPU
		{85D61F13-2E1C-4F18-9E0C-9A666578C895}.Release|Any CPU.ActiveCfg = Release|Any CPU
		{85D61F13-2E1C-4F18-9E0C-9A666578C895}.Release|Any CPU.Build.0 = Release|Any CPU
		{5D9F56E8-31D4-4E92-AAD1-7FB279C4C0D5}.Debug|Any CPU.ActiveCfg = Debug|Any CPU
		{5D9F56E8-31D4-4E92-AAD1-7FB279C4C0D5}.Debug|Any CPU.Build.0 = Debug|Any CPU
		{5D9F56E8-31D4-4E92-AAD1-7FB279C4C0D5}.Release|Any CPU.ActiveCfg = Release|Any CPU
		{5D9F56E8-31D4-4E92-AAD1-7FB279C4C0D5}.Release|Any CPU.Build.0 = Release|Any CPU
	EndGlobalSection
	GlobalSection(SolutionProperties) = preSolution
		HideSolutionNode = FALSE
	EndGlobalSection
	GlobalSection(ExtensibilityGlobals) = postSolution
		SolutionGuid = {0B4673D8-7956-4836-9A60-687D855155F1}
	EndGlobalSection
EndGlobal
